
Microsoft Visual Studio Solution File, Format Version 12.00
# Visual Studio Version 17
VisualStudioVersion = 17.0.31903.59
MinimumVisualStudioVersion = 10.0.40219.1
Project("{FAE04EC0-301F-11D3-BF4B-00C04F79EFBC}") = "NotificationService.API", "NotificationService.API\NotificationService.API.csproj", "{69855469-5568-4629-8C74-6DB72BF7ED47}"
EndProject
Project("{FAE04EC0-301F-11D3-BF4B-00C04F79EFBC}") = "NotificationService.Application", "NotificationService.Application\NotificationService.Application.csproj", "{87285021-82CC-4CBE-A1E5-6B3FCC13D5FB}"
EndProject
Project("{FAE04EC0-301F-11D3-BF4B-00C04F79EFBC}") = "NotificationService.Domain", "NotificationService.Domain\NotificationService.Domain.csproj", "{C50C6E2C-2DDB-4630-A3A5-65C828D30016}"
EndProject
Project("{FAE04EC0-301F-11D3-BF4B-00C04F79EFBC}") = "NotificationService.Infrastructure", "NotificationService.Infrastructure\NotificationService.Infrastructure.csproj", "{F7B54E7C-A5C0-4806-BB1A-A84CB9C548B7}"
EndProject
Global
	GlobalSection(SolutionConfigurationPlatforms) = preSolution
		Debug|Any CPU = Debug|Any CPU
		Release|Any CPU = Release|Any CPU
	EndGlobalSection
	GlobalSection(SolutionProperties) = preSolution
		HideSolutionNode = FALSE
	EndGlobalSection
	GlobalSection(ProjectConfigurationPlatforms) = postSolution
		{69855469-5568-4629-8C74-6DB72BF7ED47}.Debug|Any CPU.ActiveCfg = Debug|Any CPU
		{69855469-5568-4629-8C74-6DB72BF7ED47}.Debug|Any CPU.Build.0 = Debug|Any CPU
		{69855469-5568-4629-8C74-6DB72BF7ED47}.Release|Any CPU.ActiveCfg = Release|Any CPU
		{69855469-5568-4629-8C74-6DB72BF7ED47}.Release|Any CPU.Build.0 = Release|Any CPU
		{87285021-82CC-4CBE-A1E5-6B3FCC13D5FB}.Debug|Any CPU.ActiveCfg = Debug|Any CPU
		{87285021-82CC-4CBE-A1E5-6B3FCC13D5FB}.Debug|Any CPU.Build.0 = Debug|Any CPU
		{87285021-82CC-4CBE-A1E5-6B3FCC13D5FB}.Release|Any CPU.ActiveCfg = Release|Any CPU
		{87285021-82CC-4CBE-A1E5-6B3FCC13D5FB}.Release|Any CPU.Build.0 = Release|Any CPU
		{C50C6E2C-2DDB-4630-A3A5-65C828D30016}.Debug|Any CPU.ActiveCfg = Debug|Any CPU
		{C50C6E2C-2DDB-4630-A3A5-65C828D30016}.Debug|Any CPU.Build.0 = Debug|Any CPU
		{C50C6E2C-2DDB-4630-A3A5-65C828D30016}.Release|Any CPU.ActiveCfg = Release|Any CPU
		{C50C6E2C-2DDB-4630-A3A5-65C828D30016}.Release|Any CPU.Build.0 = Release|Any CPU
		{F7B54E7C-A5C0-4806-BB1A-A84CB9C548B7}.Debug|Any CPU.ActiveCfg = Debug|Any CPU
		{F7B54E7C-A5C0-4806-BB1A-A84CB9C548B7}.Debug|Any CPU.Build.0 = Debug|Any CPU
		{F7B54E7C-A5C0-4806-BB1A-A84CB9C548B7}.Release|Any CPU.ActiveCfg = Release|Any CPU
		{F7B54E7C-A5C0-4806-BB1A-A84CB9C548B7}.Release|Any CPU.Build.0 = Release|Any CPU
	EndGlobalSection
EndGlobal
